
Microsoft Visual Studio Solution File, Format Version 12.00
# Visual Studio Version 17
VisualStudioVersion = 17.6.33829.357
MinimumVisualStudioVersion = 10.0.40219.1
Project("{FAE04EC0-301F-11D3-BF4B-00C04F79EFBC}") = "MinimalAPI", "MinimalAPI\MinimalAPI.csproj", "{5C4947BC-989D-4F7A-A55F-C8BD2F375D0F}"
EndProject
Project("{FAE04EC0-301F-11D3-BF4B-00C04F79EFBC}") = "RegularAPI", "RegularAPI\RegularAPI.csproj", "{ED37BD5A-2630-48CE-A7B1-9BC06EEF2381}"
EndProject
Global
	GlobalSection(SolutionConfigurationPlatforms) = preSolution
		Debug|Any CPU = Debug|Any CPU
		Release|Any CPU = Release|Any CPU
	EndGlobalSection
	GlobalSection(ProjectConfigurationPlatforms) = postSolution
		{5C4947BC-989D-4F7A-A55F-C8BD2F375D0F}.Debug|Any CPU.ActiveCfg = Debug|Any CPU
		{5C4947BC-989D-4F7A-A55F-C8BD2F375D0F}.Debug|Any CPU.Build.0 = Debug|Any CPU
		{5C4947BC-989D-4F7A-A55F-C8BD2F375D0F}.Release|Any CPU.ActiveCfg = Release|Any CPU
		{5C4947BC-989D-4F7A-A55F-C8BD2F375D0F}.Release|Any CPU.Build.0 = Release|Any CPU
		{ED37BD5A-2630-48CE-A7B1-9BC06EEF2381}.Debug|Any CPU.ActiveCfg = Debug|Any CPU
		{ED37BD5A-2630-48CE-A7B1-9BC06EEF2381}.Debug|Any CPU.Build.0 = Debug|Any CPU
		{ED37BD5A-2630-48CE-A7B1-9BC06EEF2381}.Release|Any CPU.ActiveCfg = Release|Any CPU
		{ED37BD5A-2630-48CE-A7B1-9BC06EEF2381}.Release|Any CPU.Build.0 = Release|Any CPU
	EndGlobalSection
	GlobalSection(SolutionProperties) = preSolution
		HideSolutionNode = FALSE
	EndGlobalSection
	GlobalSection(ExtensibilityGlobals) = postSolution
		SolutionGuid = {47C84B07-4EA1-4F05-9A34-DC6C915D4905}
	EndGlobalSection
EndGlobal
